
Microsoft Visual Studio Solution File, Format Version 12.00
# Visual Studio 15
VisualStudioVersion = 15.0.27004.2008
MinimumVisualStudioVersion = 10.0.40219.1
Project("{FAE04EC0-301F-11D3-BF4B-00C04F79EFBC}") = "1.Binary.System", "Binary.System\1.Binary.System.csproj", "{2B91E138-2078-40CC-BCF6-BE8697510C0A}"
EndProject
Project("{FAE04EC0-301F-11D3-BF4B-00C04F79EFBC}") = "2.Numbers", "Numbers\2.Numbers.csproj", "{CBC32FC1-D7ED-4E52-BB7D-EE833AD839AB}"
EndProject
Project("{FAE04EC0-301F-11D3-BF4B-00C04F79EFBC}") = "3.Logic", "Logic\3.Logic.csproj", "{75A0E6D6-2117-434E-A3B7-6E5142BD64A3}"
EndProject
Global
	GlobalSection(SolutionConfigurationPlatforms) = preSolution
		Debug|Any CPU = Debug|Any CPU
		Release|Any CPU = Release|Any CPU
	EndGlobalSection
	GlobalSection(ProjectConfigurationPlatforms) = postSolution
		{2B91E138-2078-40CC-BCF6-BE8697510C0A}.Debug|Any CPU.ActiveCfg = Debug|Any CPU
		{2B91E138-2078-40CC-BCF6-BE8697510C0A}.Debug|Any CPU.Build.0 = Debug|Any CPU
		{2B91E138-2078-40CC-BCF6-BE8697510C0A}.Release|Any CPU.ActiveCfg = Release|Any CPU
		{2B91E138-2078-40CC-BCF6-BE8697510C0A}.Release|Any CPU.Build.0 = Release|Any CPU
		{CBC32FC1-D7ED-4E52-BB7D-EE833AD839AB}.Debug|Any CPU.ActiveCfg = Debug|Any CPU
		{CBC32FC1-D7ED-4E52-BB7D-EE833AD839AB}.Debug|Any CPU.Build.0 = Debug|Any CPU
		{CBC32FC1-D7ED-4E52-BB7D-EE833AD839AB}.Release|Any CPU.ActiveCfg = Release|Any CPU
		{CBC32FC1-D7ED-4E52-BB7D-EE833AD839AB}.Release|Any CPU.Build.0 = Release|Any CPU
		{75A0E6D6-2117-434E-A3B7-6E5142BD64A3}.Debug|Any CPU.ActiveCfg = Debug|Any CPU
		{75A0E6D6-2117-434E-A3B7-6E5142BD64A3}.Debug|Any CPU.Build.0 = Debug|Any CPU
		{75A0E6D6-2117-434E-A3B7-6E5142BD64A3}.Release|Any CPU.ActiveCfg = Release|Any CPU
		{75A0E6D6-2117-434E-A3B7-6E5142BD64A3}.Release|Any CPU.Build.0 = Release|Any CPU
	EndGlobalSection
	GlobalSection(SolutionProperties) = preSolution
		HideSolutionNode = FALSE
	EndGlobalSection
	GlobalSection(ExtensibilityGlobals) = postSolution
		SolutionGuid = {F8DEFDA9-D372-4152-9ADE-86751278779B}
	EndGlobalSection
EndGlobal
